
Microsoft Visual Studio Solution File, Format Version 12.00
# Visual Studio 15
Project("{FAE04EC0-301F-11D3-BF4B-00C04F79EFBC}") = "examen.Android", "examen.Android\examen.Android.csproj", "{079442EC-BE44-4A77-BFB9-39E347FE4D99}"
EndProject
Project("{FAE04EC0-301F-11D3-BF4B-00C04F79EFBC}") = "examen.iOS", "examen.iOS\examen.iOS.csproj", "{2017BA6C-E3C4-4DE8-88EE-879C2951B80E}"
EndProject
Project("{FAE04EC0-301F-11D3-BF4B-00C04F79EFBC}") = "examen", "examen\examen.csproj", "{24C1B44B-DEA2-4CDA-B86A-F9652504A300}"
EndProject
Global
	GlobalSection(SolutionConfigurationPlatforms) = preSolution
		Debug|Any CPU = Debug|Any CPU
		Release|Any CPU = Release|Any CPU
		Debug|iPhoneSimulator = Debug|iPhoneSimulator
		Release|iPhoneSimulator = Release|iPhoneSimulator
		Debug|iPhone = Debug|iPhone
		Release|iPhone = Release|iPhone
	EndGlobalSection
	GlobalSection(ProjectConfigurationPlatforms) = postSolution
		{079442EC-BE44-4A77-BFB9-39E347FE4D99}.Debug|Any CPU.ActiveCfg = Debug|Any CPU
		{079442EC-BE44-4A77-BFB9-39E347FE4D99}.Debug|Any CPU.Build.0 = Debug|Any CPU
		{079442EC-BE44-4A77-BFB9-39E347FE4D99}.Release|Any CPU.ActiveCfg = Release|Any CPU
		{079442EC-BE44-4A77-BFB9-39E347FE4D99}.Release|Any CPU.Build.0 = Release|Any CPU
		{079442EC-BE44-4A77-BFB9-39E347FE4D99}.Debug|iPhoneSimulator.ActiveCfg = Debug|Any CPU
		{079442EC-BE44-4A77-BFB9-39E347FE4D99}.Debug|iPhoneSimulator.Build.0 = Debug|Any CPU
		{079442EC-BE44-4A77-BFB9-39E347FE4D99}.Release|iPhoneSimulator.ActiveCfg = Release|Any CPU
		{079442EC-BE44-4A77-BFB9-39E347FE4D99}.Release|iPhoneSimulator.Build.0 = Release|Any CPU
		{079442EC-BE44-4A77-BFB9-39E347FE4D99}.Debug|iPhone.ActiveCfg = Debug|Any CPU
		{079442EC-BE44-4A77-BFB9-39E347FE4D99}.Debug|iPhone.Build.0 = Debug|Any CPU
		{079442EC-BE44-4A77-BFB9-39E347FE4D99}.Release|iPhone.ActiveCfg = Release|Any CPU
		{079442EC-BE44-4A77-BFB9-39E347FE4D99}.Release|iPhone.Build.0 = Release|Any CPU
		{2017BA6C-E3C4-4DE8-88EE-879C2951B80E}.Debug|Any CPU.ActiveCfg = Debug|iPhoneSimulator
		{2017BA6C-E3C4-4DE8-88EE-879C2951B80E}.Debug|Any CPU.Build.0 = Debug|iPhoneSimulator
		{2017BA6C-E3C4-4DE8-88EE-879C2951B80E}.Release|Any CPU.ActiveCfg = Release|iPhoneSimulator
		{2017BA6C-E3C4-4DE8-88EE-879C2951B80E}.Release|Any CPU.Build.0 = Release|iPhoneSimulator
		{2017BA6C-E3C4-4DE8-88EE-879C2951B80E}.Debug|iPhoneSimulator.ActiveCfg = Debug|iPhoneSimulator
		{2017BA6C-E3C4-4DE8-88EE-879C2951B80E}.Debug|iPhoneSimulator.Build.0 = Debug|iPhoneSimulator
		{2017BA6C-E3C4-4DE8-88EE-879C2951B80E}.Release|iPhoneSimulator.ActiveCfg = Release|iPhoneSimulator
		{2017BA6C-E3C4-4DE8-88EE-879C2951B80E}.Release|iPhoneSimulator.Build.0 = Release|iPhoneSimulator
		{2017BA6C-E3C4-4DE8-88EE-879C2951B80E}.Debug|iPhone.ActiveCfg = Debug|iPhone
		{2017BA6C-E3C4-4DE8-88EE-879C2951B80E}.Debug|iPhone.Build.0 = Debug|iPhone
		{2017BA6C-E3C4-4DE8-88EE-879C2951B80E}.Release|iPhone.ActiveCfg = Release|iPhone
		{2017BA6C-E3C4-4DE8-88EE-879C2951B80E}.Release|iPhone.Build.0 = Release|iPhone
		{24C1B44B-DEA2-4CDA-B86A-F9652504A300}.Debug|Any CPU.ActiveCfg = Debug|Any CPU
		{24C1B44B-DEA2-4CDA-B86A-F9652504A300}.Debug|Any CPU.Build.0 = Debug|Any CPU
		{24C1B44B-DEA2-4CDA-B86A-F9652504A300}.Release|Any CPU.ActiveCfg = Release|Any CPU
		{24C1B44B-DEA2-4CDA-B86A-F9652504A300}.Release|Any CPU.Build.0 = Release|Any CPU
		{24C1B44B-DEA2-4CDA-B86A-F9652504A300}.Debug|iPhoneSimulator.ActiveCfg = Debug|Any CPU
		{24C1B44B-DEA2-4CDA-B86A-F9652504A300}.Debug|iPhoneSimulator.Build.0 = Debug|Any CPU
		{24C1B44B-DEA2-4CDA-B86A-F9652504A300}.Release|iPhoneSimulator.ActiveCfg = Release|Any CPU
		{24C1B44B-DEA2-4CDA-B86A-F9652504A300}.Release|iPhoneSimulator.Build.0 = Release|Any CPU
		{24C1B44B-DEA2-4CDA-B86A-F9652504A300}.Debug|iPhone.ActiveCfg = Debug|Any CPU
		{24C1B44B-DEA2-4CDA-B86A-F9652504A300}.Debug|iPhone.Build.0 = Debug|Any CPU
		{24C1B44B-DEA2-4CDA-B86A-F9652504A300}.Release|iPhone.ActiveCfg = Release|Any CPU
		{24C1B44B-DEA2-4CDA-B86A-F9652504A300}.Release|iPhone.Build.0 = Release|Any CPU
	EndGlobalSection
EndGlobal
